// !$*UTF8*$!
{
	archiveVersion = 1;
	classes = {
	};
	objectVersion = 50;
	objects = {

/* Begin PBXBuildFile section */
		C45CD0BC262FCF51005555EC /* buildModel.swift in Sources */ = {isa = PBXBuildFile; fileRef = C45CD0BB262FCF50005555EC /* buildModel.swift */; };
		C4829C8526241B2A00748574 /* JSONKit.m in Sources */ = {isa = PBXBuildFile; fileRef = C4829C7F26241B2A00748574 /* JSONKit.m */; settings = {COMPILER_FLAGS = "-fno-objc-arc"; }; };
		C4829C8726241B2A00748574 /* toolEx.swift in Sources */ = {isa = PBXBuildFile; fileRef = C4829C8126241B2A00748574 /* toolEx.swift */; };
		C4829C8D26241FA200748574 /* log.swift in Sources */ = {isa = PBXBuildFile; fileRef = C4829C8C26241FA200748574 /* log.swift */; };
		C4829C922624209300748574 /* build.swift in Sources */ = {isa = PBXBuildFile; fileRef = C4829C912624209300748574 /* build.swift */; };
		C493D2BA262137F800430150 /* main.swift in Sources */ = {isa = PBXBuildFile; fileRef = C493D2B9262137F800430150 /* main.swift */; };
		C4945E91262D7EBA0063E678 /* Bash.swift in Sources */ = {isa = PBXBuildFile; fileRef = C4945E86262D7EBA0063E678 /* Bash.swift */; };
		C4945E92262D7EBA0063E678 /* Process.swift in Sources */ = {isa = PBXBuildFile; fileRef = C4945E87262D7EBA0063E678 /* Process.swift */; };
		C4945E93262D7EBA0063E678 /* Array.swift in Sources */ = {isa = PBXBuildFile; fileRef = C4945E89262D7EBA0063E678 /* Array.swift */; };
		C4945E94262D7EBA0063E678 /* Stream.swift in Sources */ = {isa = PBXBuildFile; fileRef = C4945E8B262D7EBA0063E678 /* Stream.swift */; };
		C4945E95262D7EBA0063E678 /* Lazy-split.swift in Sources */ = {isa = PBXBuildFile; fileRef = C4945E8C262D7EBA0063E678 /* Lazy-split.swift */; };
		C4945E96262D7EBA0063E678 /* Files.swift in Sources */ = {isa = PBXBuildFile; fileRef = C4945E8D262D7EBA0063E678 /* Files.swift */; };
		C4945E97262D7EBA0063E678 /* Command.swift in Sources */ = {isa = PBXBuildFile; fileRef = C4945E8E262D7EBA0063E678 /* Command.swift */; };
		C4945E98262D7EBA0063E678 /* Context.swift in Sources */ = {isa = PBXBuildFile; fileRef = C4945E8F262D7EBA0063E678 /* Context.swift */; };
		C4945E99262D7EBA0063E678 /* String.swift in Sources */ = {isa = PBXBuildFile; fileRef = C4945E90262D7EBA0063E678 /* String.swift */; };
/* End PBXBuildFile section */

/* Begin PBXCopyFilesBuildPhase section */
		C493D2B4262137F800430150 /* CopyFiles */ = {
			isa = PBXCopyFilesBuildPhase;
			buildActionMask = 2147483647;
			dstPath = /usr/share/man/man1/;
			dstSubfolderSpec = 0;
			files = (
			);
			runOnlyForDeploymentPostprocessing = 1;
		};
/* End PBXCopyFilesBuildPhase section */

/* Begin PBXFileReference section */
		C45CD0BB262FCF50005555EC /* buildModel.swift */ = {isa = PBXFileReference; lastKnownFileType = sourcecode.swift; path = buildModel.swift; sourceTree = "<group>"; };
		C4829C7F26241B2A00748574 /* JSONKit.m */ = {isa = PBXFileReference; fileEncoding = 4; lastKnownFileType = sourcecode.c.objc; path = JSONKit.m; sourceTree = "<group>"; };
		C4829C8126241B2A00748574 /* toolEx.swift */ = {isa = PBXFileReference; fileEncoding = 4; lastKnownFileType = sourcecode.swift; path = toolEx.swift; sourceTree = "<group>"; };
		C4829C8226241B2A00748574 /* JSONKit.h */ = {isa = PBXFileReference; fileEncoding = 4; lastKnownFileType = sourcecode.c.h; path = JSONKit.h; sourceTree = "<group>"; };
		C4829C8326241B2A00748574 /* build-Bridging-Header.h */ = {isa = PBXFileReference; fileEncoding = 4; lastKnownFileType = sourcecode.c.h; path = "build-Bridging-Header.h"; sourceTree = "<group>"; };
		C4829C8C26241FA200748574 /* log.swift */ = {isa = PBXFileReference; lastKnownFileType = sourcecode.swift; path = log.swift; sourceTree = "<group>"; };
		C4829C912624209300748574 /* build.swift */ = {isa = PBXFileReference; lastKnownFileType = sourcecode.swift; path = build.swift; sourceTree = "<group>"; };
		C493D2B6262137F800430150 /* build */ = {isa = PBXFileReference; explicitFileType = "compiled.mach-o.executable"; includeInIndex = 0; path = build; sourceTree = BUILT_PRODUCTS_DIR; };
		C493D2B9262137F800430150 /* main.swift */ = {isa = PBXFileReference; lastKnownFileType = sourcecode.swift; path = main.swift; sourceTree = "<group>"; };
		C4945E86262D7EBA0063E678 /* Bash.swift */ = {isa = PBXFileReference; fileEncoding = 4; lastKnownFileType = sourcecode.swift; path = Bash.swift; sourceTree = "<group>"; };
		C4945E87262D7EBA0063E678 /* Process.swift */ = {isa = PBXFileReference; fileEncoding = 4; lastKnownFileType = sourcecode.swift; path = Process.swift; sourceTree = "<group>"; };
		C4945E89262D7EBA0063E678 /* Array.swift */ = {isa = PBXFileReference; fileEncoding = 4; lastKnownFileType = sourcecode.swift; path = Array.swift; sourceTree = "<group>"; };
		C4945E8B262D7EBA0063E678 /* Stream.swift */ = {isa = PBXFileReference; fileEncoding = 4; lastKnownFileType = sourcecode.swift; path = Stream.swift; sourceTree = "<group>"; };
		C4945E8C262D7EBA0063E678 /* Lazy-split.swift */ = {isa = PBXFileReference; fileEncoding = 4; lastKnownFileType = sourcecode.swift; path = "Lazy-split.swift"; sourceTree = "<group>"; };
		C4945E8D262D7EBA0063E678 /* Files.swift */ = {isa = PBXFileReference; fileEncoding = 4; lastKnownFileType = sourcecode.swift; path = Files.swift; sourceTree = "<group>"; };
		C4945E8E262D7EBA0063E678 /* Command.swift */ = {isa = PBXFileReference; fileEncoding = 4; lastKnownFileType = sourcecode.swift; path = Command.swift; sourceTree = "<group>"; };
		C4945E8F262D7EBA0063E678 /* Context.swift */ = {isa = PBXFileReference; fileEncoding = 4; lastKnownFileType = sourcecode.swift; path = Context.swift; sourceTree = "<group>"; };
		C4945E90262D7EBA0063E678 /* String.swift */ = {isa = PBXFileReference; fileEncoding = 4; lastKnownFileType = sourcecode.swift; path = String.swift; sourceTree = "<group>"; };
/* End PBXFileReference section */

/* Begin PBXFrameworksBuildPhase section */
		C493D2B3262137F800430150 /* Frameworks */ = {
			isa = PBXFrameworksBuildPhase;
			buildActionMask = 2147483647;
			files = (
			);
			runOnlyForDeploymentPostprocessing = 0;
		};
/* End PBXFrameworksBuildPhase section */

/* Begin PBXGroup section */
		C4829C6F26241B0C00748574 /* tools */ = {
			isa = PBXGroup;
			children = (
				C4945E85262D7EBA0063E678 /* SwiftShell */,
				C4829C8226241B2A00748574 /* JSONKit.h */,
				C4829C7F26241B2A00748574 /* JSONKit.m */,
				C4829C8126241B2A00748574 /* toolEx.swift */,
				C4829C8326241B2A00748574 /* build-Bridging-Header.h */,
			);
			path = tools;
			sourceTree = "<group>";
		};
		C493D2AD262137F800430150 = {
			isa = PBXGroup;
			children = (
				C493D2B8262137F800430150 /* build */,
				C4829C6F26241B0C00748574 /* tools */,
				C493D2B7262137F800430150 /* Products */,
			);
			sourceTree = "<group>";
		};
		C493D2B7262137F800430150 /* Products */ = {
			isa = PBXGroup;
			children = (
				C493D2B6262137F800430150 /* build */,
			);
			name = Products;
			sourceTree = "<group>";
		};
		C493D2B8262137F800430150 /* build */ = {
			isa = PBXGroup;
			children = (
				C4829C8C26241FA200748574 /* log.swift */,
				C4829C912624209300748574 /* build.swift */,
				C493D2B9262137F800430150 /* main.swift */,
				C45CD0BB262FCF50005555EC /* buildModel.swift */,
			);
			path = build;
			sourceTree = "<group>";
		};
		C4945E85262D7EBA0063E678 /* SwiftShell */ = {
			isa = PBXGroup;
			children = (
				C4945E86262D7EBA0063E678 /* Bash.swift */,
				C4945E87262D7EBA0063E678 /* Process.swift */,
				C4945E88262D7EBA0063E678 /* General */,
				C4945E8A262D7EBA0063E678 /* Stream */,
				C4945E8D262D7EBA0063E678 /* Files.swift */,
				C4945E8E262D7EBA0063E678 /* Command.swift */,
				C4945E8F262D7EBA0063E678 /* Context.swift */,
				C4945E90262D7EBA0063E678 /* String.swift */,
			);
			path = SwiftShell;
			sourceTree = "<group>";
		};
		C4945E88262D7EBA0063E678 /* General */ = {
			isa = PBXGroup;
			children = (
				C4945E89262D7EBA0063E678 /* Array.swift */,
			);
			path = General;
			sourceTree = "<group>";
		};
		C4945E8A262D7EBA0063E678 /* Stream */ = {
			isa = PBXGroup;
			children = (
				C4945E8B262D7EBA0063E678 /* Stream.swift */,
				C4945E8C262D7EBA0063E678 /* Lazy-split.swift */,
			);
			path = Stream;
			sourceTree = "<group>";
		};
/* End PBXGroup section */

/* Begin PBXNativeTarget section */
		C493D2B5262137F800430150 /* build */ = {
			isa = PBXNativeTarget;
			buildConfigurationList = C493D2BD262137F800430150 /* Build configuration list for PBXNativeTarget "build" */;
			buildPhases = (
				C493D2B2262137F800430150 /* Sources */,
				C493D2B3262137F800430150 /* Frameworks */,
				C493D2B4262137F800430150 /* CopyFiles */,
			);
			buildRules = (
			);
			dependencies = (
			);
			name = build;
			productName = build;
			productReference = C493D2B6262137F800430150 /* build */;
			productType = "com.apple.product-type.tool";
		};
/* End PBXNativeTarget section */

/* Begin PBXProject section */
		C493D2AE262137F800430150 /* Project object */ = {
			isa = PBXProject;
			attributes = {
				LastSwiftUpdateCheck = 1240;
				LastUpgradeCheck = 1250;
				TargetAttributes = {
					C493D2B5262137F800430150 = {
						CreatedOnToolsVersion = 12.4;
						LastSwiftMigration = 1240;
					};
				};
			};
			buildConfigurationList = C493D2B1262137F800430150 /* Build configuration list for PBXProject "build" */;
			compatibilityVersion = "Xcode 9.3";
			developmentRegion = en;
			hasScannedForEncodings = 0;
			knownRegions = (
				en,
				Base,
			);
			mainGroup = C493D2AD262137F800430150;
			productRefGroup = C493D2B7262137F800430150 /* Products */;
			projectDirPath = "";
			projectRoot = "";
			targets = (
				C493D2B5262137F800430150 /* build */,
			);
		};
/* End PBXProject section */

/* Begin PBXSourcesBuildPhase section */
		C493D2B2262137F800430150 /* Sources */ = {
			isa = PBXSourcesBuildPhase;
			buildActionMask = 2147483647;
			files = (
				C493D2BA262137F800430150 /* main.swift in Sources */,
				C4945E96262D7EBA0063E678 /* Files.swift in Sources */,
				C4829C8726241B2A00748574 /* toolEx.swift in Sources */,
				C4945E98262D7EBA0063E678 /* Context.swift in Sources */,
				C4945E99262D7EBA0063E678 /* String.swift in Sources */,
				C4945E95262D7EBA0063E678 /* Lazy-split.swift in Sources */,
				C4829C922624209300748574 /* build.swift in Sources */,
				C4945E91262D7EBA0063E678 /* Bash.swift in Sources */,
				C4829C8526241B2A00748574 /* JSONKit.m in Sources */,
				C4945E93262D7EBA0063E678 /* Array.swift in Sources */,
				C4829C8D26241FA200748574 /* log.swift in Sources */,
				C45CD0BC262FCF51005555EC /* buildModel.swift in Sources */,
				C4945E94262D7EBA0063E678 /* Stream.swift in Sources */,
				C4945E92262D7EBA0063E678 /* Process.swift in Sources */,
				C4945E97262D7EBA0063E678 /* Command.swift in Sources */,
			);
			runOnlyForDeploymentPostprocessing = 0;
		};
/* End PBXSourcesBuildPhase section */

/* Begin XCBuildConfiguration section */
		C493D2BB262137F800430150 /* Debug */ = {
			isa = XCBuildConfiguration;
			buildSettings = {
				ALWAYS_SEARCH_USER_PATHS = NO;
				CLANG_ANALYZER_NONNULL = YES;
				CLANG_ANALYZER_NUMBER_OBJECT_CONVERSION = YES_AGGRESSIVE;
				CLANG_CXX_LANGUAGE_STANDARD = "gnu++14";
				CLANG_CXX_LIBRARY = "libc++";
				CLANG_ENABLE_MODULES = YES;
				CLANG_ENABLE_OBJC_ARC = YES;
				CLANG_ENABLE_OBJC_WEAK = YES;
				CLANG_WARN_BLOCK_CAPTURE_AUTORELEASING = YES;
				CLANG_WARN_BOOL_CONVERSION = YES;
				CLANG_WARN_COMMA = YES;
				CLANG_WARN_CONSTANT_CONVERSION = YES;
				CLANG_WARN_DEPRECATED_OBJC_IMPLEMENTATIONS = YES;
				CLANG_WARN_DIRECT_OBJC_ISA_USAGE = YES_ERROR;
				CLANG_WARN_DOCUMENTATION_COMMENTS = YES;
				CLANG_WARN_EMPTY_BODY = YES;
				CLANG_WARN_ENUM_CONVERSION = YES;
				CLANG_WARN_INFINITE_RECURSION = YES;
				CLANG_WARN_INT_CONVERSION = YES;
				CLANG_WARN_NON_LITERAL_NULL_CONVERSION = YES;
				CLANG_WARN_OBJC_IMPLICIT_RETAIN_SELF = YES;
				CLANG_WARN_OBJC_LITERAL_CONVERSION = YES;
				CLANG_WARN_OBJC_ROOT_CLASS = YES_ERROR;
				CLANG_WARN_QUOTED_INCLUDE_IN_FRAMEWORK_HEADER = YES;
				CLANG_WARN_RANGE_LOOP_ANALYSIS = YES;
				CLANG_WARN_STRICT_PROTOTYPES = YES;
				CLANG_WARN_SUSPICIOUS_MOVE = YES;
				CLANG_WARN_UNGUARDED_AVAILABILITY = YES_AGGRESSIVE;
				CLANG_WARN_UNREACHABLE_CODE = YES;
				CLANG_WARN__DUPLICATE_METHOD_MATCH = YES;
				COPY_PHASE_STRIP = NO;
				DEBUG_INFORMATION_FORMAT = dwarf;
				ENABLE_STRICT_OBJC_MSGSEND = YES;
				ENABLE_TESTABILITY = YES;
				GCC_C_LANGUAGE_STANDARD = gnu11;
				GCC_DYNAMIC_NO_PIC = NO;
				GCC_NO_COMMON_BLOCKS = YES;
				GCC_OPTIMIZATION_LEVEL = 0;
				GCC_PREPROCESSOR_DEFINITIONS = (
					"DEBUG=1",
					"$(inherited)",
				);
				GCC_WARN_64_TO_32_BIT_CONVERSION = YES;
				GCC_WARN_ABOUT_RETURN_TYPE = YES_ERROR;
				GCC_WARN_UNDECLARED_SELECTOR = YES;
				GCC_WARN_UNINITIALIZED_AUTOS = YES_AGGRESSIVE;
				GCC_WARN_UNUSED_FUNCTION = YES;
				GCC_WARN_UNUSED_VARIABLE = YES;
				MACOSX_DEPLOYMENT_TARGET = 10.9;
				MTL_ENABLE_DEBUG_INFO = INCLUDE_SOURCE;
				MTL_FAST_MATH = YES;
				ONLY_ACTIVE_ARCH = YES;
				SDKROOT = macosx;
				SWIFT_ACTIVE_COMPILATION_CONDITIONS = DEBUG;
				SWIFT_OPTIMIZATION_LEVEL = "-Onone";
			};
			name = Debug;
		};
		C493D2BC262137F800430150 /* Release */ = {
			isa = XCBuildConfiguration;
			buildSettings = {
				ALWAYS_SEARCH_USER_PATHS = NO;
				CLANG_ANALYZER_NONNULL = YES;
				CLANG_ANALYZER_NUMBER_OBJECT_CONVERSION = YES_AGGRESSIVE;
				CLANG_CXX_LANGUAGE_STANDARD = "gnu++14";
				CLANG_CXX_LIBRARY = "libc++";
				CLANG_ENABLE_MODULES = YES;
				CLANG_ENABLE_OBJC_ARC = YES;
				CLANG_ENABLE_OBJC_WEAK = YES;
				CLANG_WARN_BLOCK_CAPTURE_AUTORELEASING = YES;
				CLANG_WARN_BOOL_CONVERSION = YES;
				CLANG_WARN_COMMA = YES;
				CLANG_WARN_CONSTANT_CONVERSION = YES;
				CLANG_WARN_DEPRECATED_OBJC_IMPLEMENTATIONS = YES;
				CLANG_WARN_DIRECT_OBJC_ISA_USAGE = YES_ERROR;
				CLANG_WARN_DOCUMENTATION_COMMENTS = YES;
				CLANG_WARN_EMPTY_BODY = YES;
				CLANG_WARN_ENUM_CONVERSION = YES;
				CLANG_WARN_INFINITE_RECURSION = YES;
				CLANG_WARN_INT_CONVERSION = YES;
				CLANG_WARN_NON_LITERAL_NULL_CONVERSION = YES;
				CLANG_WARN_OBJC_IMPLICIT_RETAIN_SELF = YES;
				CLANG_WARN_OBJC_LITERAL_CONVERSION = YES;
				CLANG_WARN_OBJC_ROOT_CLASS = YES_ERROR;
				CLANG_WARN_QUOTED_INCLUDE_IN_FRAMEWORK_HEADER = YES;
				CLANG_WARN_RANGE_LOOP_ANALYSIS = YES;
				CLANG_WARN_STRICT_PROTOTYPES = YES;
				CLANG_WARN_SUSPICIOUS_MOVE = YES;
				CLANG_WARN_UNGUARDED_AVAILABILITY = YES_AGGRESSIVE;
				CLANG_WARN_UNREACHABLE_CODE = YES;
				CLANG_WARN__DUPLICATE_METHOD_MATCH = YES;
				COPY_PHASE_STRIP = NO;
				DEBUG_INFORMATION_FORMAT = "dwarf-with-dsym";
				ENABLE_NS_ASSERTIONS = NO;
				ENABLE_STRICT_OBJC_MSGSEND = YES;
				GCC_C_LANGUAGE_STANDARD = gnu11;
				GCC_NO_COMMON_BLOCKS = YES;
				GCC_WARN_64_TO_32_BIT_CONVERSION = YES;
				GCC_WARN_ABOUT_RETURN_TYPE = YES_ERROR;
				GCC_WARN_UNDECLARED_SELECTOR = YES;
				GCC_WARN_UNINITIALIZED_AUTOS = YES_AGGRESSIVE;
				GCC_WARN_UNUSED_FUNCTION = YES;
				GCC_WARN_UNUSED_VARIABLE = YES;
				MACOSX_DEPLOYMENT_TARGET = 10.9;
				MTL_ENABLE_DEBUG_INFO = NO;
				MTL_FAST_MATH = YES;
				SDKROOT = macosx;
				SWIFT_COMPILATION_MODE = wholemodule;
				SWIFT_OPTIMIZATION_LEVEL = "-O";
			};
			name = Release;
		};
		C493D2BE262137F800430150 /* Debug */ = {
			isa = XCBuildConfiguration;
			buildSettings = {
				CLANG_ENABLE_MODULES = YES;
				CODE_SIGN_IDENTITY = "-";
				CODE_SIGN_STYLE = Automatic;
				DEVELOPMENT_TEAM = P8HFWU8B38;
				ENABLE_HARDENED_RUNTIME = YES;
				LD_RUNPATH_SEARCH_PATHS = (
					"$(inherited)",
					"@executable_path/../Frameworks",
					"@loader_path/../Frameworks",
				);
				MACOSX_DEPLOYMENT_TARGET = 10.10;
				PRODUCT_NAME = "$(TARGET_NAME)";
				SWIFT_OBJC_BRIDGING_HEADER = "tools/build-Bridging-Header.h";
				SWIFT_OPTIMIZATION_LEVEL = "-Onone";
				SWIFT_VERSION = 5.0;
			};
			name = Debug;
		};
		C493D2BF262137F800430150 /* Release */ = {
			isa = XCBuildConfiguration;
			buildSettings = {
				CLANG_ENABLE_MODULES = YES;
				CODE_SIGN_IDENTITY = "-";
				CODE_SIGN_STYLE = Automatic;
				DEVELOPMENT_TEAM = P8HFWU8B38;
				ENABLE_HARDENED_RUNTIME = YES;
				LD_RUNPATH_SEARCH_PATHS = (
					"$(inherited)",
					"@executable_path/../Frameworks",
					"@loader_path/../Frameworks",
				);
				MACOSX_DEPLOYMENT_TARGET = 10.10;
				PRODUCT_NAME = "$(TARGET_NAME)";
				SWIFT_OBJC_BRIDGING_HEADER = "tools/build-Bridging-Header.h";
				SWIFT_VERSION = 5.0;
			};
			name = Release;
		};
/* End XCBuildConfiguration section */

/* Begin XCConfigurationList section */
		C493D2B1262137F800430150 /* Build configuration list for PBXProject "build" */ = {
			isa = XCConfigurationList;
			buildConfigurations = (
				C493D2BB262137F800430150 /* Debug */,
				C493D2BC262137F800430150 /* Release */,
			);
			defaultConfigurationIsVisible = 0;
			defaultConfigurationName = Release;
		};
		C493D2BD262137F800430150 /* Build configuration list for PBXNativeTarget "build" */ = {
			isa = XCConfigurationList;
			buildConfigurations = (
				C493D2BE262137F800430150 /* Debug */,
				C493D2BF262137F800430150 /* Release */,
			);
			defaultConfigurationIsVisible = 0;
			defaultConfigurationName = Release;
		};
/* End XCConfigurationList section */
	};
	rootObject = C493D2AE262137F800430150 /* Project object */;
}
