// !$*UTF8*$!
{
	archiveVersion = 1;
	classes = {
	};
	objectVersion = 52;
	objects = {

/* Begin PBXBuildFile section */
		C45CD0BC262FCF51005555EC /* buildModel.swift in Sources */ = {isa = PBXBuildFile; fileRef = C45CD0BB262FCF50005555EC /* buildModel.swift */; };
		C4616E67294096B500FE7E2B /* SwiftShell in Frameworks */ = {isa = PBXBuildFile; productRef = C4616E66294096B500FE7E2B /* SwiftShell */; };
		C4616E6A294096F600FE7E2B /* CryptoSwift in Frameworks */ = {isa = PBXBuildFile; productRef = C4616E69294096F600FE7E2B /* CryptoSwift */; };
		C47C367229B5C24D00A182EA /* main.swift in Sources */ = {isa = PBXBuildFile; fileRef = C47C367129B5C24D00A182EA /* main.swift */; };
		C47C367829B5C37D00A182EA /* SwiftyJSON in Frameworks */ = {isa = PBXBuildFile; productRef = C47C367729B5C37D00A182EA /* SwiftyJSON */; };
		C47C367B29B5C57B00A182EA /* configure.swift in Sources */ = {isa = PBXBuildFile; fileRef = C47C367A29B5C57B00A182EA /* configure.swift */; };
		C47C367E29B5C6E800A182EA /* SwiftShell in Frameworks */ = {isa = PBXBuildFile; productRef = C47C367D29B5C6E800A182EA /* SwiftShell */; };
		C4829C8726241B2A00748574 /* toolEx.swift in Sources */ = {isa = PBXBuildFile; fileRef = C4829C8126241B2A00748574 /* toolEx.swift */; };
		C4829C8D26241FA200748574 /* log.swift in Sources */ = {isa = PBXBuildFile; fileRef = C4829C8C26241FA200748574 /* log.swift */; };
		C4829C922624209300748574 /* build.swift in Sources */ = {isa = PBXBuildFile; fileRef = C4829C912624209300748574 /* build.swift */; };
		C493D2BA262137F800430150 /* main.swift in Sources */ = {isa = PBXBuildFile; fileRef = C493D2B9262137F800430150 /* main.swift */; };
/* End PBXBuildFile section */

/* Begin PBXCopyFilesBuildPhase section */
		C47C366D29B5C24D00A182EA /* CopyFiles */ = {
			isa = PBXCopyFilesBuildPhase;
			buildActionMask = 2147483647;
			dstPath = /usr/share/man/man1/;
			dstSubfolderSpec = 0;
			files = (
			);
			runOnlyForDeploymentPostprocessing = 1;
		};
		C493D2B4262137F800430150 /* CopyFiles */ = {
			isa = PBXCopyFilesBuildPhase;
			buildActionMask = 2147483647;
			dstPath = /usr/share/man/man1/;
			dstSubfolderSpec = 0;
			files = (
			);
			runOnlyForDeploymentPostprocessing = 1;
		};
/* End PBXCopyFilesBuildPhase section */

/* Begin PBXFileReference section */
		C45CD0BB262FCF50005555EC /* buildModel.swift */ = {isa = PBXFileReference; lastKnownFileType = sourcecode.swift; path = buildModel.swift; sourceTree = "<group>"; };
		C47C366F29B5C24D00A182EA /* configure */ = {isa = PBXFileReference; explicitFileType = "compiled.mach-o.executable"; includeInIndex = 0; path = configure; sourceTree = BUILT_PRODUCTS_DIR; };
		C47C367129B5C24D00A182EA /* main.swift */ = {isa = PBXFileReference; lastKnownFileType = sourcecode.swift; path = main.swift; sourceTree = "<group>"; };
		C47C367A29B5C57B00A182EA /* configure.swift */ = {isa = PBXFileReference; lastKnownFileType = sourcecode.swift; path = configure.swift; sourceTree = "<group>"; };
		C4829C8126241B2A00748574 /* toolEx.swift */ = {isa = PBXFileReference; fileEncoding = 4; lastKnownFileType = sourcecode.swift; path = toolEx.swift; sourceTree = "<group>"; };
		C4829C8C26241FA200748574 /* log.swift */ = {isa = PBXFileReference; lastKnownFileType = sourcecode.swift; path = log.swift; sourceTree = "<group>"; };
		C4829C912624209300748574 /* build.swift */ = {isa = PBXFileReference; lastKnownFileType = sourcecode.swift; path = build.swift; sourceTree = "<group>"; };
		C493D2B6262137F800430150 /* build */ = {isa = PBXFileReference; explicitFileType = "compiled.mach-o.executable"; includeInIndex = 0; path = build; sourceTree = BUILT_PRODUCTS_DIR; };
		C493D2B9262137F800430150 /* main.swift */ = {isa = PBXFileReference; lastKnownFileType = sourcecode.swift; path = main.swift; sourceTree = "<group>"; };
		C4BCA4F929875317009C0F10 /* MyPlayground.playground */ = {isa = PBXFileReference; lastKnownFileType = file.playground; path = MyPlayground.playground; sourceTree = "<group>"; xcLanguageSpecificationIdentifier = xcode.lang.swift; };
/* End PBXFileReference section */

/* Begin PBXFrameworksBuildPhase section */
		C47C366C29B5C24D00A182EA /* Frameworks */ = {
			isa = PBXFrameworksBuildPhase;
			buildActionMask = 2147483647;
			files = (
				C47C367E29B5C6E800A182EA /* SwiftShell in Frameworks */,
			);
			runOnlyForDeploymentPostprocessing = 0;
		};
		C493D2B3262137F800430150 /* Frameworks */ = {
			isa = PBXFrameworksBuildPhase;
			buildActionMask = 2147483647;
			files = (
				C47C367829B5C37D00A182EA /* SwiftyJSON in Frameworks */,
				C4616E67294096B500FE7E2B /* SwiftShell in Frameworks */,
				C4616E6A294096F600FE7E2B /* CryptoSwift in Frameworks */,
			);
			runOnlyForDeploymentPostprocessing = 0;
		};
/* End PBXFrameworksBuildPhase section */

/* Begin PBXGroup section */
		C47C367029B5C24D00A182EA /* configure_product */ = {
			isa = PBXGroup;
			children = (
				C47C367129B5C24D00A182EA /* main.swift */,
				C47C367A29B5C57B00A182EA /* configure.swift */,
			);
			path = configure_product;
			sourceTree = "<group>";
		};
		C47C367C29B5C6E800A182EA /* Frameworks */ = {
			isa = PBXGroup;
			children = (
			);
			name = Frameworks;
			sourceTree = "<group>";
		};
		C493D2AD262137F800430150 = {
			isa = PBXGroup;
			children = (
				C493D2B8262137F800430150 /* build_product */,
				C47C367029B5C24D00A182EA /* configure_product */,
				C493D2B7262137F800430150 /* Products */,
				C47C367C29B5C6E800A182EA /* Frameworks */,
			);
			sourceTree = "<group>";
		};
		C493D2B7262137F800430150 /* Products */ = {
			isa = PBXGroup;
			children = (
				C493D2B6262137F800430150 /* build */,
				C47C366F29B5C24D00A182EA /* configure */,
			);
			name = Products;
			sourceTree = "<group>";
		};
		C493D2B8262137F800430150 /* build_product */ = {
			isa = PBXGroup;
			children = (
				C4829C8C26241FA200748574 /* log.swift */,
				C4829C912624209300748574 /* build.swift */,
				C493D2B9262137F800430150 /* main.swift */,
				C45CD0BB262FCF50005555EC /* buildModel.swift */,
				C4829C8126241B2A00748574 /* toolEx.swift */,
				C4BCA4F929875317009C0F10 /* MyPlayground.playground */,
			);
			path = build_product;
			sourceTree = "<group>";
		};
/* End PBXGroup section */

/* Begin PBXNativeTarget section */
		C47C366E29B5C24D00A182EA /* configure */ = {
			isa = PBXNativeTarget;
			buildConfigurationList = C47C367529B5C24D00A182EA /* Build configuration list for PBXNativeTarget "configure" */;
			buildPhases = (
				C47C366B29B5C24D00A182EA /* Sources */,
				C47C366C29B5C24D00A182EA /* Frameworks */,
				C47C366D29B5C24D00A182EA /* CopyFiles */,
			);
			buildRules = (
			);
			dependencies = (
			);
			name = configure;
			packageProductDependencies = (
				C47C367D29B5C6E800A182EA /* SwiftShell */,
			);
			productName = configure;
			productReference = C47C366F29B5C24D00A182EA /* configure */;
			productType = "com.apple.product-type.tool";
		};
		C493D2B5262137F800430150 /* build */ = {
			isa = PBXNativeTarget;
			buildConfigurationList = C493D2BD262137F800430150 /* Build configuration list for PBXNativeTarget "build" */;
			buildPhases = (
				C493D2B2262137F800430150 /* Sources */,
				C493D2B3262137F800430150 /* Frameworks */,
				C493D2B4262137F800430150 /* CopyFiles */,
			);
			buildRules = (
			);
			dependencies = (
			);
			name = build;
			packageProductDependencies = (
				C4616E66294096B500FE7E2B /* SwiftShell */,
				C4616E69294096F600FE7E2B /* CryptoSwift */,
				C47C367729B5C37D00A182EA /* SwiftyJSON */,
			);
			productName = build;
			productReference = C493D2B6262137F800430150 /* build */;
			productType = "com.apple.product-type.tool";
		};
/* End PBXNativeTarget section */

/* Begin PBXProject section */
		C493D2AE262137F800430150 /* Project object */ = {
			isa = PBXProject;
			attributes = {
				LastSwiftUpdateCheck = 1420;
				LastUpgradeCheck = 1420;
				TargetAttributes = {
					C47C366E29B5C24D00A182EA = {
						CreatedOnToolsVersion = 14.2;
					};
					C493D2B5262137F800430150 = {
						CreatedOnToolsVersion = 12.4;
						LastSwiftMigration = 1240;
					};
				};
			};
			buildConfigurationList = C493D2B1262137F800430150 /* Build configuration list for PBXProject "build" */;
			compatibilityVersion = "Xcode 9.3";
			developmentRegion = en;
			hasScannedForEncodings = 0;
			knownRegions = (
				en,
				Base,
			);
			mainGroup = C493D2AD262137F800430150;
			packageReferences = (
				C4616E65294096B500FE7E2B /* XCRemoteSwiftPackageReference "SwiftShell" */,
				C4616E68294096F600FE7E2B /* XCRemoteSwiftPackageReference "CryptoSwift" */,
				C47C367629B5C37D00A182EA /* XCRemoteSwiftPackageReference "SwiftyJSON" */,
			);
			productRefGroup = C493D2B7262137F800430150 /* Products */;
			projectDirPath = "";
			projectRoot = "";
			targets = (
				C493D2B5262137F800430150 /* build */,
				C47C366E29B5C24D00A182EA /* configure */,
			);
		};
/* End PBXProject section */

/* Begin PBXSourcesBuildPhase section */
		C47C366B29B5C24D00A182EA /* Sources */ = {
			isa = PBXSourcesBuildPhase;
			buildActionMask = 2147483647;
			files = (
				C47C367B29B5C57B00A182EA /* configure.swift in Sources */,
				C47C367229B5C24D00A182EA /* main.swift in Sources */,
			);
			runOnlyForDeploymentPostprocessing = 0;
		};
		C493D2B2262137F800430150 /* Sources */ = {
			isa = PBXSourcesBuildPhase;
			buildActionMask = 2147483647;
			files = (
				C493D2BA262137F800430150 /* main.swift in Sources */,
				C4829C8726241B2A00748574 /* toolEx.swift in Sources */,
				C4829C922624209300748574 /* build.swift in Sources */,
				C4829C8D26241FA200748574 /* log.swift in Sources */,
				C45CD0BC262FCF51005555EC /* buildModel.swift in Sources */,
			);
			runOnlyForDeploymentPostprocessing = 0;
		};
/* End PBXSourcesBuildPhase section */

/* Begin XCBuildConfiguration section */
		C47C367329B5C24D00A182EA /* Debug */ = {
			isa = XCBuildConfiguration;
			buildSettings = {
				CLANG_CXX_LANGUAGE_STANDARD = "gnu++20";
				CODE_SIGN_IDENTITY = "-";
				"CODE_SIGN_IDENTITY[sdk=macosx*]" = "-";
				CODE_SIGN_STYLE = Automatic;
				DEVELOPMENT_TEAM = "";
				ENABLE_HARDENED_RUNTIME = YES;
				MACOSX_DEPLOYMENT_TARGET = "$(RECOMMENDED_MACOSX_DEPLOYMENT_TARGET)";
				PRODUCT_NAME = "$(TARGET_NAME)";
				SWIFT_VERSION = 5.0;
			};
			name = Debug;
		};
		C47C367429B5C24D00A182EA /* Release */ = {
			isa = XCBuildConfiguration;
			buildSettings = {
				CLANG_CXX_LANGUAGE_STANDARD = "gnu++20";
				CODE_SIGN_IDENTITY = "-";
				"CODE_SIGN_IDENTITY[sdk=macosx*]" = "-";
				CODE_SIGN_STYLE = Automatic;
				DEVELOPMENT_TEAM = "";
				ENABLE_HARDENED_RUNTIME = YES;
				MACOSX_DEPLOYMENT_TARGET = "$(RECOMMENDED_MACOSX_DEPLOYMENT_TARGET)";
				PRODUCT_NAME = "$(TARGET_NAME)";
				SWIFT_VERSION = 5.0;
			};
			name = Release;
		};
		C493D2BB262137F800430150 /* Debug */ = {
			isa = XCBuildConfiguration;
			buildSettings = {
				ALWAYS_SEARCH_USER_PATHS = NO;
				CLANG_ANALYZER_NONNULL = YES;
				CLANG_ANALYZER_NUMBER_OBJECT_CONVERSION = YES_AGGRESSIVE;
				CLANG_CXX_LANGUAGE_STANDARD = "gnu++14";
				CLANG_CXX_LIBRARY = "libc++";
				CLANG_ENABLE_MODULES = YES;
				CLANG_ENABLE_OBJC_ARC = YES;
				CLANG_ENABLE_OBJC_WEAK = YES;
				CLANG_WARN_BLOCK_CAPTURE_AUTORELEASING = YES;
				CLANG_WARN_BOOL_CONVERSION = YES;
				CLANG_WARN_COMMA = YES;
				CLANG_WARN_CONSTANT_CONVERSION = YES;
				CLANG_WARN_DEPRECATED_OBJC_IMPLEMENTATIONS = YES;
				CLANG_WARN_DIRECT_OBJC_ISA_USAGE = YES_ERROR;
				CLANG_WARN_DOCUMENTATION_COMMENTS = YES;
				CLANG_WARN_EMPTY_BODY = YES;
				CLANG_WARN_ENUM_CONVERSION = YES;
				CLANG_WARN_INFINITE_RECURSION = YES;
				CLANG_WARN_INT_CONVERSION = YES;
				CLANG_WARN_NON_LITERAL_NULL_CONVERSION = YES;
				CLANG_WARN_OBJC_IMPLICIT_RETAIN_SELF = YES;
				CLANG_WARN_OBJC_LITERAL_CONVERSION = YES;
				CLANG_WARN_OBJC_ROOT_CLASS = YES_ERROR;
				CLANG_WARN_QUOTED_INCLUDE_IN_FRAMEWORK_HEADER = YES;
				CLANG_WARN_RANGE_LOOP_ANALYSIS = YES;
				CLANG_WARN_STRICT_PROTOTYPES = YES;
				CLANG_WARN_SUSPICIOUS_MOVE = YES;
				CLANG_WARN_UNGUARDED_AVAILABILITY = YES_AGGRESSIVE;
				CLANG_WARN_UNREACHABLE_CODE = YES;
				CLANG_WARN__DUPLICATE_METHOD_MATCH = YES;
				COPY_PHASE_STRIP = NO;
				DEAD_CODE_STRIPPING = YES;
				DEBUG_INFORMATION_FORMAT = dwarf;
				ENABLE_STRICT_OBJC_MSGSEND = YES;
				ENABLE_TESTABILITY = YES;
				GCC_C_LANGUAGE_STANDARD = gnu11;
				GCC_DYNAMIC_NO_PIC = NO;
				GCC_NO_COMMON_BLOCKS = YES;
				GCC_OPTIMIZATION_LEVEL = 0;
				GCC_PREPROCESSOR_DEFINITIONS = (
					"DEBUG=1",
					"$(inherited)",
				);
				GCC_WARN_64_TO_32_BIT_CONVERSION = YES;
				GCC_WARN_ABOUT_RETURN_TYPE = YES_ERROR;
				GCC_WARN_UNDECLARED_SELECTOR = YES;
				GCC_WARN_UNINITIALIZED_AUTOS = YES_AGGRESSIVE;
				GCC_WARN_UNUSED_FUNCTION = YES;
				GCC_WARN_UNUSED_VARIABLE = YES;
				MACOSX_DEPLOYMENT_TARGET = "$(RECOMMENDED_MACOSX_DEPLOYMENT_TARGET)";
				MTL_ENABLE_DEBUG_INFO = INCLUDE_SOURCE;
				MTL_FAST_MATH = YES;
				ONLY_ACTIVE_ARCH = YES;
				SDKROOT = macosx;
				SWIFT_ACTIVE_COMPILATION_CONDITIONS = DEBUG;
				SWIFT_OPTIMIZATION_LEVEL = "-Onone";
			};
			name = Debug;
		};
		C493D2BC262137F800430150 /* Release */ = {
			isa = XCBuildConfiguration;
			buildSettings = {
				ALWAYS_SEARCH_USER_PATHS = NO;
				CLANG_ANALYZER_NONNULL = YES;
				CLANG_ANALYZER_NUMBER_OBJECT_CONVERSION = YES_AGGRESSIVE;
				CLANG_CXX_LANGUAGE_STANDARD = "gnu++14";
				CLANG_CXX_LIBRARY = "libc++";
				CLANG_ENABLE_MODULES = YES;
				CLANG_ENABLE_OBJC_ARC = YES;
				CLANG_ENABLE_OBJC_WEAK = YES;
				CLANG_WARN_BLOCK_CAPTURE_AUTORELEASING = YES;
				CLANG_WARN_BOOL_CONVERSION = YES;
				CLANG_WARN_COMMA = YES;
				CLANG_WARN_CONSTANT_CONVERSION = YES;
				CLANG_WARN_DEPRECATED_OBJC_IMPLEMENTATIONS = YES;
				CLANG_WARN_DIRECT_OBJC_ISA_USAGE = YES_ERROR;
				CLANG_WARN_DOCUMENTATION_COMMENTS = YES;
				CLANG_WARN_EMPTY_BODY = YES;
				CLANG_WARN_ENUM_CONVERSION = YES;
				CLANG_WARN_INFINITE_RECURSION = YES;
				CLANG_WARN_INT_CONVERSION = YES;
				CLANG_WARN_NON_LITERAL_NULL_CONVERSION = YES;
				CLANG_WARN_OBJC_IMPLICIT_RETAIN_SELF = YES;
				CLANG_WARN_OBJC_LITERAL_CONVERSION = YES;
				CLANG_WARN_OBJC_ROOT_CLASS = YES_ERROR;
				CLANG_WARN_QUOTED_INCLUDE_IN_FRAMEWORK_HEADER = YES;
				CLANG_WARN_RANGE_LOOP_ANALYSIS = YES;
				CLANG_WARN_STRICT_PROTOTYPES = YES;
				CLANG_WARN_SUSPICIOUS_MOVE = YES;
				CLANG_WARN_UNGUARDED_AVAILABILITY = YES_AGGRESSIVE;
				CLANG_WARN_UNREACHABLE_CODE = YES;
				CLANG_WARN__DUPLICATE_METHOD_MATCH = YES;
				COPY_PHASE_STRIP = NO;
				DEAD_CODE_STRIPPING = YES;
				DEBUG_INFORMATION_FORMAT = "dwarf-with-dsym";
				ENABLE_NS_ASSERTIONS = NO;
				ENABLE_STRICT_OBJC_MSGSEND = YES;
				GCC_C_LANGUAGE_STANDARD = gnu11;
				GCC_NO_COMMON_BLOCKS = YES;
				GCC_WARN_64_TO_32_BIT_CONVERSION = YES;
				GCC_WARN_ABOUT_RETURN_TYPE = YES_ERROR;
				GCC_WARN_UNDECLARED_SELECTOR = YES;
				GCC_WARN_UNINITIALIZED_AUTOS = YES_AGGRESSIVE;
				GCC_WARN_UNUSED_FUNCTION = YES;
				GCC_WARN_UNUSED_VARIABLE = YES;
				MACOSX_DEPLOYMENT_TARGET = "$(RECOMMENDED_MACOSX_DEPLOYMENT_TARGET)";
				MTL_ENABLE_DEBUG_INFO = NO;
				MTL_FAST_MATH = YES;
				SDKROOT = macosx;
				SWIFT_COMPILATION_MODE = wholemodule;
				SWIFT_OPTIMIZATION_LEVEL = "-O";
			};
			name = Release;
		};
		C493D2BE262137F800430150 /* Debug */ = {
			isa = XCBuildConfiguration;
			buildSettings = {
				CLANG_ENABLE_MODULES = YES;
				CODE_SIGN_IDENTITY = "-";
				"CODE_SIGN_IDENTITY[sdk=macosx*]" = "-";
				CODE_SIGN_STYLE = Automatic;
				CURRENT_PROJECT_VERSION = 1;
				DEAD_CODE_STRIPPING = YES;
				DEVELOPMENT_TEAM = "";
				ENABLE_HARDENED_RUNTIME = YES;
				INFOPLIST_FILE = "";
				LD_RUNPATH_SEARCH_PATHS = (
					"$(inherited)",
					"@executable_path/../Frameworks",
					"@loader_path/../Frameworks",
				);
				MACOSX_DEPLOYMENT_TARGET = "$(RECOMMENDED_MACOSX_DEPLOYMENT_TARGET)";
				MARKETING_VERSION = "";
				PRODUCT_NAME = "$(TARGET_NAME)";
				SWIFT_OBJC_BRIDGING_HEADER = "";
				SWIFT_OPTIMIZATION_LEVEL = "-Onone";
				SWIFT_VERSION = 5.0;
			};
			name = Debug;
		};
		C493D2BF262137F800430150 /* Release */ = {
			isa = XCBuildConfiguration;
			buildSettings = {
				CLANG_ENABLE_MODULES = YES;
				CODE_SIGN_IDENTITY = "-";
				"CODE_SIGN_IDENTITY[sdk=macosx*]" = "-";
				CODE_SIGN_STYLE = Automatic;
				CURRENT_PROJECT_VERSION = 1;
				DEAD_CODE_STRIPPING = YES;
				DEVELOPMENT_TEAM = "";
				ENABLE_HARDENED_RUNTIME = YES;
				INFOPLIST_FILE = "";
				LD_RUNPATH_SEARCH_PATHS = (
					"$(inherited)",
					"@executable_path/../Frameworks",
					"@loader_path/../Frameworks",
				);
				MACOSX_DEPLOYMENT_TARGET = "$(RECOMMENDED_MACOSX_DEPLOYMENT_TARGET)";
				MARKETING_VERSION = "";
				PRODUCT_NAME = "$(TARGET_NAME)";
				SWIFT_OBJC_BRIDGING_HEADER = "";
				SWIFT_VERSION = 5.0;
			};
			name = Release;
		};
/* End XCBuildConfiguration section */

/* Begin XCConfigurationList section */
		C47C367529B5C24D00A182EA /* Build configuration list for PBXNativeTarget "configure" */ = {
			isa = XCConfigurationList;
			buildConfigurations = (
				C47C367329B5C24D00A182EA /* Debug */,
				C47C367429B5C24D00A182EA /* Release */,
			);
			defaultConfigurationIsVisible = 0;
			defaultConfigurationName = Release;
		};
		C493D2B1262137F800430150 /* Build configuration list for PBXProject "build" */ = {
			isa = XCConfigurationList;
			buildConfigurations = (
				C493D2BB262137F800430150 /* Debug */,
				C493D2BC262137F800430150 /* Release */,
			);
			defaultConfigurationIsVisible = 0;
			defaultConfigurationName = Release;
		};
		C493D2BD262137F800430150 /* Build configuration list for PBXNativeTarget "build" */ = {
			isa = XCConfigurationList;
			buildConfigurations = (
				C493D2BE262137F800430150 /* Debug */,
				C493D2BF262137F800430150 /* Release */,
			);
			defaultConfigurationIsVisible = 0;
			defaultConfigurationName = Release;
		};
/* End XCConfigurationList section */

/* Begin XCRemoteSwiftPackageReference section */
		C4616E65294096B500FE7E2B /* XCRemoteSwiftPackageReference "SwiftShell" */ = {
			isa = XCRemoteSwiftPackageReference;
			repositoryURL = "https://github.com/kareman/SwiftShell";
			requirement = {
				kind = upToNextMajorVersion;
				minimumVersion = 5.0.0;
			};
		};
		C4616E68294096F600FE7E2B /* XCRemoteSwiftPackageReference "CryptoSwift" */ = {
			isa = XCRemoteSwiftPackageReference;
			repositoryURL = "https://github.com/krzyzanowskim/CryptoSwift.git";
			requirement = {
				kind = upToNextMajorVersion;
				minimumVersion = 1.0.0;
			};
		};
		C47C367629B5C37D00A182EA /* XCRemoteSwiftPackageReference "SwiftyJSON" */ = {
			isa = XCRemoteSwiftPackageReference;
			repositoryURL = "https://github.com/SwiftyJSON/SwiftyJSON.git";
			requirement = {
				kind = upToNextMajorVersion;
				minimumVersion = 5.0.0;
			};
		};
/* End XCRemoteSwiftPackageReference section */

/* Begin XCSwiftPackageProductDependency section */
		C4616E66294096B500FE7E2B /* SwiftShell */ = {
			isa = XCSwiftPackageProductDependency;
			package = C4616E65294096B500FE7E2B /* XCRemoteSwiftPackageReference "SwiftShell" */;
			productName = SwiftShell;
		};
		C4616E69294096F600FE7E2B /* CryptoSwift */ = {
			isa = XCSwiftPackageProductDependency;
			package = C4616E68294096F600FE7E2B /* XCRemoteSwiftPackageReference "CryptoSwift" */;
			productName = CryptoSwift;
		};
		C47C367729B5C37D00A182EA /* SwiftyJSON */ = {
			isa = XCSwiftPackageProductDependency;
			package = C47C367629B5C37D00A182EA /* XCRemoteSwiftPackageReference "SwiftyJSON" */;
			productName = SwiftyJSON;
		};
		C47C367D29B5C6E800A182EA /* SwiftShell */ = {
			isa = XCSwiftPackageProductDependency;
			package = C4616E65294096B500FE7E2B /* XCRemoteSwiftPackageReference "SwiftShell" */;
			productName = SwiftShell;
		};
/* End XCSwiftPackageProductDependency section */
	};
	rootObject = C493D2AE262137F800430150 /* Project object */;
}
